
Microsoft Visual Studio Solution File, Format Version 11.00
# Visual Studio 2010
Project("{FAE04EC0-301F-11D3-BF4B-00C04F79EFBC}") = "monopoly", "Assembly-CSharp-firstpass.csproj", "{72176420-409F-EF2C-DB7A-D8C41C2EA057}"
EndProject
Project("{FAE04EC0-301F-11D3-BF4B-00C04F79EFBC}") = "monopoly", "Assembly-CSharp.csproj", "{C904FD7B-5C07-0279-D637-67AA85955488}"
EndProject
Project("{FAE04EC0-301F-11D3-BF4B-00C04F79EFBC}") = "monopoly", "Assembly-CSharp-Editor-firstpass.csproj", "{73961FE4-DF7C-956B-B77B-1DD78EE26E50}"
EndProject
Global
	GlobalSection(SolutionConfigurationPlatforms) = preSolution
		Debug|Any CPU = Debug|Any CPU
		Release|Any CPU = Release|Any CPU
	EndGlobalSection
	GlobalSection(ProjectConfigurationPlatforms) = postSolution
		{72176420-409F-EF2C-DB7A-D8C41C2EA057}.Debug|Any CPU.ActiveCfg = Debug|Any CPU
		{72176420-409F-EF2C-DB7A-D8C41C2EA057}.Debug|Any CPU.Build.0 = Debug|Any CPU
		{72176420-409F-EF2C-DB7A-D8C41C2EA057}.Release|Any CPU.ActiveCfg = Release|Any CPU
		{72176420-409F-EF2C-DB7A-D8C41C2EA057}.Release|Any CPU.Build.0 = Release|Any CPU
		{C904FD7B-5C07-0279-D637-67AA85955488}.Debug|Any CPU.ActiveCfg = Debug|Any CPU
		{C904FD7B-5C07-0279-D637-67AA85955488}.Debug|Any CPU.Build.0 = Debug|Any CPU
		{C904FD7B-5C07-0279-D637-67AA85955488}.Release|Any CPU.ActiveCfg = Release|Any CPU
		{C904FD7B-5C07-0279-D637-67AA85955488}.Release|Any CPU.Build.0 = Release|Any CPU
		{73961FE4-DF7C-956B-B77B-1DD78EE26E50}.Debug|Any CPU.ActiveCfg = Debug|Any CPU
		{73961FE4-DF7C-956B-B77B-1DD78EE26E50}.Debug|Any CPU.Build.0 = Debug|Any CPU
		{73961FE4-DF7C-956B-B77B-1DD78EE26E50}.Release|Any CPU.ActiveCfg = Release|Any CPU
		{73961FE4-DF7C-956B-B77B-1DD78EE26E50}.Release|Any CPU.Build.0 = Release|Any CPU
	EndGlobalSection
	GlobalSection(SolutionProperties) = preSolution
		HideSolutionNode = FALSE
	EndGlobalSection
	GlobalSection(MonoDevelopProperties) = preSolution
		StartupItem = Assembly-CSharp.csproj
	EndGlobalSection
EndGlobal
