
Microsoft Visual Studio Solution File, Format Version 12.00
# Visual Studio 2017
Project("{FAE04EC0-301F-11D3-BF4B-00C04F79EFBC}") = "monopoly.Plugins", "monopoly.Plugins.csproj", "{59F85853-7F42-D305-1B10-174166F8FA67}"
EndProject
Project("{FAE04EC0-301F-11D3-BF4B-00C04F79EFBC}") = "monopoly", "monopoly.csproj", "{1452A8AC-5BB6-D848-CA35-FCC15004FF3A}"
EndProject
Project("{FAE04EC0-301F-11D3-BF4B-00C04F79EFBC}") = "monopoly.Editor.Plugins", "monopoly.Editor.Plugins.csproj", "{010F9BE7-91DB-91EF-10D6-41BB20FA2206}"
EndProject
Global
	GlobalSection(SolutionConfigurationPlatforms) = preSolution
		Debug|Any CPU = Debug|Any CPU
		Release|Any CPU = Release|Any CPU
	EndGlobalSection
	GlobalSection(ProjectConfigurationPlatforms) = postSolution
		{59F85853-7F42-D305-1B10-174166F8FA67}.Debug|Any CPU.ActiveCfg = Debug|Any CPU
		{59F85853-7F42-D305-1B10-174166F8FA67}.Debug|Any CPU.Build.0 = Debug|Any CPU
		{59F85853-7F42-D305-1B10-174166F8FA67}.Release|Any CPU.ActiveCfg = Release|Any CPU
		{59F85853-7F42-D305-1B10-174166F8FA67}.Release|Any CPU.Build.0 = Release|Any CPU
		{1452A8AC-5BB6-D848-CA35-FCC15004FF3A}.Debug|Any CPU.ActiveCfg = Debug|Any CPU
		{1452A8AC-5BB6-D848-CA35-FCC15004FF3A}.Debug|Any CPU.Build.0 = Debug|Any CPU
		{1452A8AC-5BB6-D848-CA35-FCC15004FF3A}.Release|Any CPU.ActiveCfg = Release|Any CPU
		{1452A8AC-5BB6-D848-CA35-FCC15004FF3A}.Release|Any CPU.Build.0 = Release|Any CPU
		{010F9BE7-91DB-91EF-10D6-41BB20FA2206}.Debug|Any CPU.ActiveCfg = Debug|Any CPU
		{010F9BE7-91DB-91EF-10D6-41BB20FA2206}.Debug|Any CPU.Build.0 = Debug|Any CPU
		{010F9BE7-91DB-91EF-10D6-41BB20FA2206}.Release|Any CPU.ActiveCfg = Release|Any CPU
		{010F9BE7-91DB-91EF-10D6-41BB20FA2206}.Release|Any CPU.Build.0 = Release|Any CPU
	EndGlobalSection
	GlobalSection(SolutionProperties) = preSolution
		HideSolutionNode = FALSE
	EndGlobalSection
EndGlobal
